{
  "name": "work_task",
  "version": "1.0.0",
  "lockfileVersion": 3,
  "requires": true,
  "packages": {
    "": {
      "name": "work_task",
      "version": "1.0.0",
      "license": "ISC",
      "dependencies": {
        "babylonjs": "^7.40.3"
      }
    },
    "node_modules/babylonjs": {
      "version": "7.40.3",
      "resolved": "https://registry.npmjs.org/babylonjs/-/babylonjs-7.40.3.tgz",
      "integrity": "sha512-YFEqjqf+7L0T2wfRCMUpneJo8wmo4MwxpQo30n6gXVKOjn8TzPLUpQppLktZnsY7UJ6ije/p46aYua4yHlO32Q==",
      "hasInstallScript": true
    }
  }
}
